
Microsoft Visual Studio Solution File, Format Version 12.00
# Visual Studio Version 17
VisualStudioVersion = 17.8.34408.163
MinimumVisualStudioVersion = 10.0.40219.1
Project("{9A19103F-16F7-4668-BE54-9A1E7A4F7556}") = "Sol1", "Summation\Sol1.csproj", "{41A4A72C-EB86-4FED-9C6C-29A294D41416}"
EndProject
Project("{9A19103F-16F7-4668-BE54-9A1E7A4F7556}") = "Sol2", "Sol2\Sol2.csproj", "{52A86381-C225-4400-954E-EA50DACBD491}"
EndProject
Project("{9A19103F-16F7-4668-BE54-9A1E7A4F7556}") = "Sol3", "Sol3\Sol3.csproj", "{1436CC1D-6662-44D9-B33C-B8941464A076}"
EndProject
Project("{9A19103F-16F7-4668-BE54-9A1E7A4F7556}") = "Sol4", "Sol4\Sol4.csproj", "{321927D5-7C3B-4769-87D9-828F3057F2AC}"
EndProject
Project("{9A19103F-16F7-4668-BE54-9A1E7A4F7556}") = "Sol5", "Sol5\Sol5.csproj", "{8E31B187-9D72-4768-B242-BA5CC9B595ED}"
EndProject
Project("{9A19103F-16F7-4668-BE54-9A1E7A4F7556}") = "Sol6", "Sol6\Sol6.csproj", "{4E8FFE8F-6DB3-445E-AAD1-5EEA18EE07D0}"
EndProject
Project("{9A19103F-16F7-4668-BE54-9A1E7A4F7556}") = "Sol7", "Sol7\Sol7.csproj", "{3DF76274-A71B-48D1-9728-00769D2F4378}"
EndProject
Project("{9A19103F-16F7-4668-BE54-9A1E7A4F7556}") = "Sol8", "Sol8\Sol8.csproj", "{A8975EBF-51D3-47BA-B92E-4FE05F252ED7}"
EndProject
Project("{9A19103F-16F7-4668-BE54-9A1E7A4F7556}") = "Sol9", "Sol9\Sol9.csproj", "{41068364-4BFF-4EB9-B178-A83DB2068565}"
EndProject
Project("{9A19103F-16F7-4668-BE54-9A1E7A4F7556}") = "Sol10", "Sol10\Sol10.csproj", "{E948B977-30D3-40C7-BB66-4D9A13037D1B}"
EndProject
Project("{2150E333-8FDC-42A3-9474-1A3956D46DE8}") = "Solution Items", "Solution Items", "{865FDCE1-3265-445F-BB47-20DD63961964}"
	ProjectSection(SolutionItems) = preProject
		README.md = README.md
	EndProjectSection
EndProject
Project("{9A19103F-16F7-4668-BE54-9A1E7A4F7556}") = "Sol11", "Sol11\Sol11.csproj", "{14D58F28-95EE-456A-880B-E71443339398}"
EndProject
Project("{9A19103F-16F7-4668-BE54-9A1E7A4F7556}") = "Sol12", "Sol12\Sol12.csproj", "{BACABB87-271C-44CF-91E3-7F7364E2D9D8}"
EndProject
Project("{9A19103F-16F7-4668-BE54-9A1E7A4F7556}") = "Sol13", "Sol13\Sol13.csproj", "{8FE49247-9818-4778-A44D-7D3762BE68F0}"
EndProject
Project("{9A19103F-16F7-4668-BE54-9A1E7A4F7556}") = "Sol14", "Sol14\Sol14.csproj", "{53041B19-87DD-468A-959F-69A25315F215}"
EndProject
Project("{9A19103F-16F7-4668-BE54-9A1E7A4F7556}") = "Sol15", "Sol15\Sol15.csproj", "{79466157-82B6-47B2-B922-A285713543F2}"
EndProject
Project("{9A19103F-16F7-4668-BE54-9A1E7A4F7556}") = "Sol16", "Sol16\Sol16.csproj", "{86D94D84-06B2-48C6-B648-3336B47C357F}"
EndProject
Project("{9A19103F-16F7-4668-BE54-9A1E7A4F7556}") = "Sol17", "Sol17\Sol17.csproj", "{C02418E7-CC08-430D-B330-AC67F6E199EA}"
EndProject
Project("{9A19103F-16F7-4668-BE54-9A1E7A4F7556}") = "Sol18", "Sol18\Sol18.csproj", "{A335A886-28BC-4DC1-B295-F8430A8E2A93}"
EndProject
Project("{9A19103F-16F7-4668-BE54-9A1E7A4F7556}") = "Sol19", "Sol19\Sol19.csproj", "{A1397CDD-135C-49B4-9F1D-F68BF4A62FDF}"
EndProject
Project("{9A19103F-16F7-4668-BE54-9A1E7A4F7556}") = "Sol20", "Sol20\Sol20.csproj", "{9ED000F6-BF94-445E-A46B-EC7A75AA188F}"
EndProject
Project("{9A19103F-16F7-4668-BE54-9A1E7A4F7556}") = "Sol21", "Sol21\Sol21.csproj", "{A1F29CBF-1732-4995-9C4E-760AD1A7336E}"
EndProject
Project("{9A19103F-16F7-4668-BE54-9A1E7A4F7556}") = "Sol22", "Sol22\Sol22.csproj", "{B818A209-5392-4259-9965-C9BDD5978805}"
EndProject
Project("{9A19103F-16F7-4668-BE54-9A1E7A4F7556}") = "Sol23", "Sol23\Sol23.csproj", "{E4CC7057-E63E-4246-B311-859CE5932D9B}"
EndProject
Project("{9A19103F-16F7-4668-BE54-9A1E7A4F7556}") = "Sol24", "Sol24\Sol24.csproj", "{B6E5D256-352C-45AD-B2A9-9DEC717079DE}"
EndProject
Project("{9A19103F-16F7-4668-BE54-9A1E7A4F7556}") = "Sol25", "Sol25\Sol25.csproj", "{00D3217B-0628-4736-AA00-91D73B2B6C32}"
EndProject
Project("{9A19103F-16F7-4668-BE54-9A1E7A4F7556}") = "Sol26", "Sol26\Sol26.csproj", "{F1579F3F-E3A2-407B-A06A-9C472C3FE4F8}"
EndProject
Project("{9A19103F-16F7-4668-BE54-9A1E7A4F7556}") = "Sol27", "Sol27\Sol27.csproj", "{8C589187-772B-4FEF-9B6E-D7CE246FE263}"
EndProject
Project("{FAE04EC0-301F-11D3-BF4B-00C04F79EFBC}") = "Sol28", "Sol28\Sol28.csproj", "{81B95BA4-F6B8-4414-BE47-19B3EF33B679}"
EndProject
Project("{FAE04EC0-301F-11D3-BF4B-00C04F79EFBC}") = "Sol29", "Sol29\Sol29.csproj", "{275E0CB6-76AE-45AD-8E91-891F031474CE}"
EndProject
Project("{FAE04EC0-301F-11D3-BF4B-00C04F79EFBC}") = "Sol30", "Sol30\Sol30.csproj", "{DC4E41D4-D223-460F-BF16-96C0288A64BC}"
EndProject
Global
	GlobalSection(SolutionConfigurationPlatforms) = preSolution
		Debug|Any CPU = Debug|Any CPU
		Release|Any CPU = Release|Any CPU
	EndGlobalSection
	GlobalSection(ProjectConfigurationPlatforms) = postSolution
		{41A4A72C-EB86-4FED-9C6C-29A294D41416}.Debug|Any CPU.ActiveCfg = Debug|Any CPU
		{41A4A72C-EB86-4FED-9C6C-29A294D41416}.Debug|Any CPU.Build.0 = Debug|Any CPU
		{41A4A72C-EB86-4FED-9C6C-29A294D41416}.Release|Any CPU.ActiveCfg = Release|Any CPU
		{41A4A72C-EB86-4FED-9C6C-29A294D41416}.Release|Any CPU.Build.0 = Release|Any CPU
		{52A86381-C225-4400-954E-EA50DACBD491}.Debug|Any CPU.ActiveCfg = Debug|Any CPU
		{52A86381-C225-4400-954E-EA50DACBD491}.Debug|Any CPU.Build.0 = Debug|Any CPU
		{52A86381-C225-4400-954E-EA50DACBD491}.Release|Any CPU.ActiveCfg = Release|Any CPU
		{52A86381-C225-4400-954E-EA50DACBD491}.Release|Any CPU.Build.0 = Release|Any CPU
		{1436CC1D-6662-44D9-B33C-B8941464A076}.Debug|Any CPU.ActiveCfg = Debug|Any CPU
		{1436CC1D-6662-44D9-B33C-B8941464A076}.Debug|Any CPU.Build.0 = Debug|Any CPU
		{1436CC1D-6662-44D9-B33C-B8941464A076}.Release|Any CPU.ActiveCfg = Release|Any CPU
		{1436CC1D-6662-44D9-B33C-B8941464A076}.Release|Any CPU.Build.0 = Release|Any CPU
		{321927D5-7C3B-4769-87D9-828F3057F2AC}.Debug|Any CPU.ActiveCfg = Debug|Any CPU
		{321927D5-7C3B-4769-87D9-828F3057F2AC}.Debug|Any CPU.Build.0 = Debug|Any CPU
		{321927D5-7C3B-4769-87D9-828F3057F2AC}.Release|Any CPU.ActiveCfg = Release|Any CPU
		{321927D5-7C3B-4769-87D9-828F3057F2AC}.Release|Any CPU.Build.0 = Release|Any CPU
		{8E31B187-9D72-4768-B242-BA5CC9B595ED}.Debug|Any CPU.ActiveCfg = Debug|Any CPU
		{8E31B187-9D72-4768-B242-BA5CC9B595ED}.Debug|Any CPU.Build.0 = Debug|Any CPU
		{8E31B187-9D72-4768-B242-BA5CC9B595ED}.Release|Any CPU.ActiveCfg = Release|Any CPU
		{8E31B187-9D72-4768-B242-BA5CC9B595ED}.Release|Any CPU.Build.0 = Release|Any CPU
		{4E8FFE8F-6DB3-445E-AAD1-5EEA18EE07D0}.Debug|Any CPU.ActiveCfg = Debug|Any CPU
		{4E8FFE8F-6DB3-445E-AAD1-5EEA18EE07D0}.Debug|Any CPU.Build.0 = Debug|Any CPU
		{4E8FFE8F-6DB3-445E-AAD1-5EEA18EE07D0}.Release|Any CPU.ActiveCfg = Release|Any CPU
		{4E8FFE8F-6DB3-445E-AAD1-5EEA18EE07D0}.Release|Any CPU.Build.0 = Release|Any CPU
		{3DF76274-A71B-48D1-9728-00769D2F4378}.Debug|Any CPU.ActiveCfg = Debug|Any CPU
		{3DF76274-A71B-48D1-9728-00769D2F4378}.Debug|Any CPU.Build.0 = Debug|Any CPU
		{3DF76274-A71B-48D1-9728-00769D2F4378}.Release|Any CPU.ActiveCfg = Release|Any CPU
		{3DF76274-A71B-48D1-9728-00769D2F4378}.Release|Any CPU.Build.0 = Release|Any CPU
		{A8975EBF-51D3-47BA-B92E-4FE05F252ED7}.Debug|Any CPU.ActiveCfg = Debug|Any CPU
		{A8975EBF-51D3-47BA-B92E-4FE05F252ED7}.Debug|Any CPU.Build.0 = Debug|Any CPU
		{A8975EBF-51D3-47BA-B92E-4FE05F252ED7}.Release|Any CPU.ActiveCfg = Release|Any CPU
		{A8975EBF-51D3-47BA-B92E-4FE05F252ED7}.Release|Any CPU.Build.0 = Release|Any CPU
		{41068364-4BFF-4EB9-B178-A83DB2068565}.Debug|Any CPU.ActiveCfg = Debug|Any CPU
		{41068364-4BFF-4EB9-B178-A83DB2068565}.Debug|Any CPU.Build.0 = Debug|Any CPU
		{41068364-4BFF-4EB9-B178-A83DB2068565}.Release|Any CPU.ActiveCfg = Release|Any CPU
		{41068364-4BFF-4EB9-B178-A83DB2068565}.Release|Any CPU.Build.0 = Release|Any CPU
		{E948B977-30D3-40C7-BB66-4D9A13037D1B}.Debug|Any CPU.ActiveCfg = Debug|Any CPU
		{E948B977-30D3-40C7-BB66-4D9A13037D1B}.Debug|Any CPU.Build.0 = Debug|Any CPU
		{E948B977-30D3-40C7-BB66-4D9A13037D1B}.Release|Any CPU.ActiveCfg = Release|Any CPU
		{E948B977-30D3-40C7-BB66-4D9A13037D1B}.Release|Any CPU.Build.0 = Release|Any CPU
		{14D58F28-95EE-456A-880B-E71443339398}.Debug|Any CPU.ActiveCfg = Debug|Any CPU
		{14D58F28-95EE-456A-880B-E71443339398}.Debug|Any CPU.Build.0 = Debug|Any CPU
		{14D58F28-95EE-456A-880B-E71443339398}.Release|Any CPU.ActiveCfg = Release|Any CPU
		{14D58F28-95EE-456A-880B-E71443339398}.Release|Any CPU.Build.0 = Release|Any CPU
		{BACABB87-271C-44CF-91E3-7F7364E2D9D8}.Debug|Any CPU.ActiveCfg = Debug|Any CPU
		{BACABB87-271C-44CF-91E3-7F7364E2D9D8}.Debug|Any CPU.Build.0 = Debug|Any CPU
		{BACABB87-271C-44CF-91E3-7F7364E2D9D8}.Release|Any CPU.ActiveCfg = Release|Any CPU
		{BACABB87-271C-44CF-91E3-7F7364E2D9D8}.Release|Any CPU.Build.0 = Release|Any CPU
		{8FE49247-9818-4778-A44D-7D3762BE68F0}.Debug|Any CPU.ActiveCfg = Debug|Any CPU
		{8FE49247-9818-4778-A44D-7D3762BE68F0}.Debug|Any CPU.Build.0 = Debug|Any CPU
		{8FE49247-9818-4778-A44D-7D3762BE68F0}.Release|Any CPU.ActiveCfg = Release|Any CPU
		{8FE49247-9818-4778-A44D-7D3762BE68F0}.Release|Any CPU.Build.0 = Release|Any CPU
		{53041B19-87DD-468A-959F-69A25315F215}.Debug|Any CPU.ActiveCfg = Debug|Any CPU
		{53041B19-87DD-468A-959F-69A25315F215}.Debug|Any CPU.Build.0 = Debug|Any CPU
		{53041B19-87DD-468A-959F-69A25315F215}.Release|Any CPU.ActiveCfg = Release|Any CPU
		{53041B19-87DD-468A-959F-69A25315F215}.Release|Any CPU.Build.0 = Release|Any CPU
		{79466157-82B6-47B2-B922-A285713543F2}.Debug|Any CPU.ActiveCfg = Debug|Any CPU
		{79466157-82B6-47B2-B922-A285713543F2}.Debug|Any CPU.Build.0 = Debug|Any CPU
		{79466157-82B6-47B2-B922-A285713543F2}.Release|Any CPU.ActiveCfg = Release|Any CPU
		{79466157-82B6-47B2-B922-A285713543F2}.Release|Any CPU.Build.0 = Release|Any CPU
		{86D94D84-06B2-48C6-B648-3336B47C357F}.Debug|Any CPU.ActiveCfg = Debug|Any CPU
		{86D94D84-06B2-48C6-B648-3336B47C357F}.Debug|Any CPU.Build.0 = Debug|Any CPU
		{86D94D84-06B2-48C6-B648-3336B47C357F}.Release|Any CPU.ActiveCfg = Release|Any CPU
		{86D94D84-06B2-48C6-B648-3336B47C357F}.Release|Any CPU.Build.0 = Release|Any CPU
		{C02418E7-CC08-430D-B330-AC67F6E199EA}.Debug|Any CPU.ActiveCfg = Debug|Any CPU
		{C02418E7-CC08-430D-B330-AC67F6E199EA}.Debug|Any CPU.Build.0 = Debug|Any CPU
		{C02418E7-CC08-430D-B330-AC67F6E199EA}.Release|Any CPU.ActiveCfg = Release|Any CPU
		{C02418E7-CC08-430D-B330-AC67F6E199EA}.Release|Any CPU.Build.0 = Release|Any CPU
		{A335A886-28BC-4DC1-B295-F8430A8E2A93}.Debug|Any CPU.ActiveCfg = Debug|Any CPU
		{A335A886-28BC-4DC1-B295-F8430A8E2A93}.Debug|Any CPU.Build.0 = Debug|Any CPU
		{A335A886-28BC-4DC1-B295-F8430A8E2A93}.Release|Any CPU.ActiveCfg = Release|Any CPU
		{A335A886-28BC-4DC1-B295-F8430A8E2A93}.Release|Any CPU.Build.0 = Release|Any CPU
		{A1397CDD-135C-49B4-9F1D-F68BF4A62FDF}.Debug|Any CPU.ActiveCfg = Debug|Any CPU
		{A1397CDD-135C-49B4-9F1D-F68BF4A62FDF}.Debug|Any CPU.Build.0 = Debug|Any CPU
		{A1397CDD-135C-49B4-9F1D-F68BF4A62FDF}.Release|Any CPU.ActiveCfg = Release|Any CPU
		{A1397CDD-135C-49B4-9F1D-F68BF4A62FDF}.Release|Any CPU.Build.0 = Release|Any CPU
		{9ED000F6-BF94-445E-A46B-EC7A75AA188F}.Debug|Any CPU.ActiveCfg = Debug|Any CPU
		{9ED000F6-BF94-445E-A46B-EC7A75AA188F}.Debug|Any CPU.Build.0 = Debug|Any CPU
		{9ED000F6-BF94-445E-A46B-EC7A75AA188F}.Release|Any CPU.ActiveCfg = Release|Any CPU
		{9ED000F6-BF94-445E-A46B-EC7A75AA188F}.Release|Any CPU.Build.0 = Release|Any CPU
		{A1F29CBF-1732-4995-9C4E-760AD1A7336E}.Debug|Any CPU.ActiveCfg = Debug|Any CPU
		{A1F29CBF-1732-4995-9C4E-760AD1A7336E}.Debug|Any CPU.Build.0 = Debug|Any CPU
		{A1F29CBF-1732-4995-9C4E-760AD1A7336E}.Release|Any CPU.ActiveCfg = Release|Any CPU
		{A1F29CBF-1732-4995-9C4E-760AD1A7336E}.Release|Any CPU.Build.0 = Release|Any CPU
		{B818A209-5392-4259-9965-C9BDD5978805}.Debug|Any CPU.ActiveCfg = Debug|Any CPU
		{B818A209-5392-4259-9965-C9BDD5978805}.Debug|Any CPU.Build.0 = Debug|Any CPU
		{B818A209-5392-4259-9965-C9BDD5978805}.Release|Any CPU.ActiveCfg = Release|Any CPU
		{B818A209-5392-4259-9965-C9BDD5978805}.Release|Any CPU.Build.0 = Release|Any CPU
		{E4CC7057-E63E-4246-B311-859CE5932D9B}.Debug|Any CPU.ActiveCfg = Debug|Any CPU
		{E4CC7057-E63E-4246-B311-859CE5932D9B}.Debug|Any CPU.Build.0 = Debug|Any CPU
		{E4CC7057-E63E-4246-B311-859CE5932D9B}.Release|Any CPU.ActiveCfg = Release|Any CPU
		{E4CC7057-E63E-4246-B311-859CE5932D9B}.Release|Any CPU.Build.0 = Release|Any CPU
		{B6E5D256-352C-45AD-B2A9-9DEC717079DE}.Debug|Any CPU.ActiveCfg = Debug|Any CPU
		{B6E5D256-352C-45AD-B2A9-9DEC717079DE}.Debug|Any CPU.Build.0 = Debug|Any CPU
		{B6E5D256-352C-45AD-B2A9-9DEC717079DE}.Release|Any CPU.ActiveCfg = Release|Any CPU
		{B6E5D256-352C-45AD-B2A9-9DEC717079DE}.Release|Any CPU.Build.0 = Release|Any CPU
		{00D3217B-0628-4736-AA00-91D73B2B6C32}.Debug|Any CPU.ActiveCfg = Debug|Any CPU
		{00D3217B-0628-4736-AA00-91D73B2B6C32}.Debug|Any CPU.Build.0 = Debug|Any CPU
		{00D3217B-0628-4736-AA00-91D73B2B6C32}.Release|Any CPU.ActiveCfg = Release|Any CPU
		{00D3217B-0628-4736-AA00-91D73B2B6C32}.Release|Any CPU.Build.0 = Release|Any CPU
		{F1579F3F-E3A2-407B-A06A-9C472C3FE4F8}.Debug|Any CPU.ActiveCfg = Debug|Any CPU
		{F1579F3F-E3A2-407B-A06A-9C472C3FE4F8}.Debug|Any CPU.Build.0 = Debug|Any CPU
		{F1579F3F-E3A2-407B-A06A-9C472C3FE4F8}.Release|Any CPU.ActiveCfg = Release|Any CPU
		{F1579F3F-E3A2-407B-A06A-9C472C3FE4F8}.Release|Any CPU.Build.0 = Release|Any CPU
		{8C589187-772B-4FEF-9B6E-D7CE246FE263}.Debug|Any CPU.ActiveCfg = Debug|Any CPU
		{8C589187-772B-4FEF-9B6E-D7CE246FE263}.Debug|Any CPU.Build.0 = Debug|Any CPU
		{8C589187-772B-4FEF-9B6E-D7CE246FE263}.Release|Any CPU.ActiveCfg = Release|Any CPU
		{8C589187-772B-4FEF-9B6E-D7CE246FE263}.Release|Any CPU.Build.0 = Release|Any CPU
		{81B95BA4-F6B8-4414-BE47-19B3EF33B679}.Debug|Any CPU.ActiveCfg = Debug|Any CPU
		{81B95BA4-F6B8-4414-BE47-19B3EF33B679}.Debug|Any CPU.Build.0 = Debug|Any CPU
		{81B95BA4-F6B8-4414-BE47-19B3EF33B679}.Release|Any CPU.ActiveCfg = Release|Any CPU
		{81B95BA4-F6B8-4414-BE47-19B3EF33B679}.Release|Any CPU.Build.0 = Release|Any CPU
		{275E0CB6-76AE-45AD-8E91-891F031474CE}.Debug|Any CPU.ActiveCfg = Debug|Any CPU
		{275E0CB6-76AE-45AD-8E91-891F031474CE}.Debug|Any CPU.Build.0 = Debug|Any CPU
		{275E0CB6-76AE-45AD-8E91-891F031474CE}.Release|Any CPU.ActiveCfg = Release|Any CPU
		{275E0CB6-76AE-45AD-8E91-891F031474CE}.Release|Any CPU.Build.0 = Release|Any CPU
		{DC4E41D4-D223-460F-BF16-96C0288A64BC}.Debug|Any CPU.ActiveCfg = Debug|Any CPU
		{DC4E41D4-D223-460F-BF16-96C0288A64BC}.Debug|Any CPU.Build.0 = Debug|Any CPU
		{DC4E41D4-D223-460F-BF16-96C0288A64BC}.Release|Any CPU.ActiveCfg = Release|Any CPU
		{DC4E41D4-D223-460F-BF16-96C0288A64BC}.Release|Any CPU.Build.0 = Release|Any CPU
	EndGlobalSection
	GlobalSection(SolutionProperties) = preSolution
		HideSolutionNode = FALSE
	EndGlobalSection
	GlobalSection(ExtensibilityGlobals) = postSolution
		SolutionGuid = {B4B93989-9303-4642-8B2E-1411D223C2F0}
	EndGlobalSection
EndGlobal
